
Microsoft Visual Studio Solution File, Format Version 12.00
# Visual Studio 15
VisualStudioVersion = 15.0.28307.438
MinimumVisualStudioVersion = 10.0.40219.1
Project("{8BC9CEB8-8B4A-11D0-8D11-00A0C91BC942}") = "试题练习", "试题练习\试题练习.vcxproj", "{34200672-074D-488C-90AD-0F1323F09172}"
EndProject
Global
	GlobalSection(SolutionConfigurationPlatforms) = preSolution
		Debug|x64 = Debug|x64
		Debug|x86 = Debug|x86
		Release|x64 = Release|x64
		Release|x86 = Release|x86
	EndGlobalSection
	GlobalSection(ProjectConfigurationPlatforms) = postSolution
		{34200672-074D-488C-90AD-0F1323F09172}.Debug|x64.ActiveCfg = Debug|x64
		{34200672-074D-488C-90AD-0F1323F09172}.Debug|x64.Build.0 = Debug|x64
		{34200672-074D-488C-90AD-0F1323F09172}.Debug|x86.ActiveCfg = Debug|Win32
		{34200672-074D-488C-90AD-0F1323F09172}.Debug|x86.Build.0 = Debug|Win32
		{34200672-074D-488C-90AD-0F1323F09172}.Release|x64.ActiveCfg = Release|x64
		{34200672-074D-488C-90AD-0F1323F09172}.Release|x64.Build.0 = Release|x64
		{34200672-074D-488C-90AD-0F1323F09172}.Release|x86.ActiveCfg = Release|Win32
		{34200672-074D-488C-90AD-0F1323F09172}.Release|x86.Build.0 = Release|Win32
	EndGlobalSection
	GlobalSection(SolutionProperties) = preSolution
		HideSolutionNode = FALSE
	EndGlobalSection
	GlobalSection(ExtensibilityGlobals) = postSolution
		SolutionGuid = {89F4B6B5-B12B-4897-A96A-B5566B1AD652}
	EndGlobalSection
EndGlobal
