
Microsoft Visual Studio Solution File, Format Version 12.00
# Visual Studio 15
VisualStudioVersion = 15.0.28307.438
MinimumVisualStudioVersion = 10.0.40219.1
Project("{8BC9CEB8-8B4A-11D0-8D11-00A0C91BC942}") = "刷题", "刷题\刷题.vcxproj", "{37BA6207-5CD2-4345-8DF8-FC817835D413}"
EndProject
Global
	GlobalSection(SolutionConfigurationPlatforms) = preSolution
		Debug|x64 = Debug|x64
		Debug|x86 = Debug|x86
		Release|x64 = Release|x64
		Release|x86 = Release|x86
	EndGlobalSection
	GlobalSection(ProjectConfigurationPlatforms) = postSolution
		{37BA6207-5CD2-4345-8DF8-FC817835D413}.Debug|x64.ActiveCfg = Debug|x64
		{37BA6207-5CD2-4345-8DF8-FC817835D413}.Debug|x64.Build.0 = Debug|x64
		{37BA6207-5CD2-4345-8DF8-FC817835D413}.Debug|x86.ActiveCfg = Debug|Win32
		{37BA6207-5CD2-4345-8DF8-FC817835D413}.Debug|x86.Build.0 = Debug|Win32
		{37BA6207-5CD2-4345-8DF8-FC817835D413}.Release|x64.ActiveCfg = Release|x64
		{37BA6207-5CD2-4345-8DF8-FC817835D413}.Release|x64.Build.0 = Release|x64
		{37BA6207-5CD2-4345-8DF8-FC817835D413}.Release|x86.ActiveCfg = Release|Win32
		{37BA6207-5CD2-4345-8DF8-FC817835D413}.Release|x86.Build.0 = Release|Win32
	EndGlobalSection
	GlobalSection(SolutionProperties) = preSolution
		HideSolutionNode = FALSE
	EndGlobalSection
	GlobalSection(ExtensibilityGlobals) = postSolution
		SolutionGuid = {5C4C83DE-7FC2-422E-9B4F-A62904A2EF6E}
	EndGlobalSection
EndGlobal
